
Microsoft Visual Studio Solution File, Format Version 12.00
Project("{FAE04EC0-301F-11D3-BF4B-00C04F79EFBC}") = "libwitw", "libwitw\libwitw.csproj", "{0D58C025-DEFD-467D-86E9-AE9870A445FE}"
EndProject
Global
	GlobalSection(SolutionConfigurationPlatforms) = preSolution
		Debug|Any CPU = Debug|Any CPU
		Release|Any CPU = Release|Any CPU
	EndGlobalSection
	GlobalSection(ProjectConfigurationPlatforms) = postSolution
		{0D58C025-DEFD-467D-86E9-AE9870A445FE}.Debug|Any CPU.ActiveCfg = Debug|Any CPU
		{0D58C025-DEFD-467D-86E9-AE9870A445FE}.Debug|Any CPU.Build.0 = Debug|Any CPU
		{0D58C025-DEFD-467D-86E9-AE9870A445FE}.Release|Any CPU.ActiveCfg = Release|Any CPU
		{0D58C025-DEFD-467D-86E9-AE9870A445FE}.Release|Any CPU.Build.0 = Release|Any CPU
	EndGlobalSection
EndGlobal
